
Microsoft Visual Studio Solution File, Format Version 12.00
# Visual Studio 15
VisualStudioVersion = 15.0.26730.16
MinimumVisualStudioVersion = 10.0.40219.1
Project("{8BC9CEB8-8B4A-11D0-8D11-00A0C91BC942}") = "G34_AA2-3", "G34_AA2-3\G34_AA2-3.vcxproj", "{E31079E2-1375-42F3-8CBA-F8A455C636EC}"
EndProject
Global
	GlobalSection(SolutionConfigurationPlatforms) = preSolution
		Debug|x64 = Debug|x64
		Debug|x86 = Debug|x86
		Release|x64 = Release|x64
		Release|x86 = Release|x86
	EndGlobalSection
	GlobalSection(ProjectConfigurationPlatforms) = postSolution
		{E31079E2-1375-42F3-8CBA-F8A455C636EC}.Debug|x64.ActiveCfg = Debug|x64
		{E31079E2-1375-42F3-8CBA-F8A455C636EC}.Debug|x64.Build.0 = Debug|x64
		{E31079E2-1375-42F3-8CBA-F8A455C636EC}.Debug|x86.ActiveCfg = Debug|Win32
		{E31079E2-1375-42F3-8CBA-F8A455C636EC}.Debug|x86.Build.0 = Debug|Win32
		{E31079E2-1375-42F3-8CBA-F8A455C636EC}.Release|x64.ActiveCfg = Release|x64
		{E31079E2-1375-42F3-8CBA-F8A455C636EC}.Release|x64.Build.0 = Release|x64
		{E31079E2-1375-42F3-8CBA-F8A455C636EC}.Release|x86.ActiveCfg = Release|Win32
		{E31079E2-1375-42F3-8CBA-F8A455C636EC}.Release|x86.Build.0 = Release|Win32
	EndGlobalSection
	GlobalSection(SolutionProperties) = preSolution
		HideSolutionNode = FALSE
	EndGlobalSection
	GlobalSection(ExtensibilityGlobals) = postSolution
		SolutionGuid = {F4FA615B-F942-4567-AB99-C512A147C9D8}
	EndGlobalSection
EndGlobal
